// !$*UTF8*$!
{
	archiveVersion = 1;
	classes = {
	};
	objectVersion = 56;
	objects = {

/* Begin PBXBuildFile section */
		C916F80F29B053A800C18B95 /* AppDelegate.swift in Sources */ = {isa = PBXBuildFile; fileRef = C916F80E29B053A800C18B95 /* AppDelegate.swift */; };
		C916F81129B053A800C18B95 /* ViewController.swift in Sources */ = {isa = PBXBuildFile; fileRef = C916F81029B053A800C18B95 /* ViewController.swift */; };
		C916F81329B053A800C18B95 /* Experience.rcproject in Sources */ = {isa = PBXBuildFile; fileRef = C916F81229B053A800C18B95 /* Experience.rcproject */; };
		C916F81629B053A800C18B95 /* Main.storyboard in Resources */ = {isa = PBXBuildFile; fileRef = C916F81429B053A800C18B95 /* Main.storyboard */; };
		C916F81829B053A900C18B95 /* Assets.xcassets in Resources */ = {isa = PBXBuildFile; fileRef = C916F81729B053A900C18B95 /* Assets.xcassets */; };
		C916F81B29B053A900C18B95 /* LaunchScreen.storyboard in Resources */ = {isa = PBXBuildFile; fileRef = C916F81929B053A900C18B95 /* LaunchScreen.storyboard */; };
		C916F82529B053A900C18B95 /* ARKit_BasicsTests.swift in Sources */ = {isa = PBXBuildFile; fileRef = C916F82429B053A900C18B95 /* ARKit_BasicsTests.swift */; };
		C916F82F29B053A900C18B95 /* ARKit_BasicsUITests.swift in Sources */ = {isa = PBXBuildFile; fileRef = C916F82E29B053A900C18B95 /* ARKit_BasicsUITests.swift */; };
		C916F83129B053A900C18B95 /* ARKit_BasicsUITestsLaunchTests.swift in Sources */ = {isa = PBXBuildFile; fileRef = C916F83029B053A900C18B95 /* ARKit_BasicsUITestsLaunchTests.swift */; };
/* End PBXBuildFile section */

/* Begin PBXContainerItemProxy section */
		C916F82129B053A900C18B95 /* PBXContainerItemProxy */ = {
			isa = PBXContainerItemProxy;
			containerPortal = C916F80329B053A800C18B95 /* Project object */;
			proxyType = 1;
			remoteGlobalIDString = C916F80A29B053A800C18B95;
			remoteInfo = "ARKit Basics";
		};
		C916F82B29B053A900C18B95 /* PBXContainerItemProxy */ = {
			isa = PBXContainerItemProxy;
			containerPortal = C916F80329B053A800C18B95 /* Project object */;
			proxyType = 1;
			remoteGlobalIDString = C916F80A29B053A800C18B95;
			remoteInfo = "ARKit Basics";
		};
/* End PBXContainerItemProxy section */

/* Begin PBXFileReference section */
		C916F80B29B053A800C18B95 /* ARKit Basics.app */ = {isa = PBXFileReference; explicitFileType = wrapper.application; includeInIndex = 0; path = "ARKit Basics.app"; sourceTree = BUILT_PRODUCTS_DIR; };
		C916F80E29B053A800C18B95 /* AppDelegate.swift */ = {isa = PBXFileReference; lastKnownFileType = sourcecode.swift; path = AppDelegate.swift; sourceTree = "<group>"; };
		C916F81029B053A800C18B95 /* ViewController.swift */ = {isa = PBXFileReference; lastKnownFileType = sourcecode.swift; path = ViewController.swift; sourceTree = "<group>"; };
		C916F81229B053A800C18B95 /* Experience.rcproject */ = {isa = PBXFileReference; lastKnownFileType = file.rcproject; path = Experience.rcproject; sourceTree = "<group>"; };
		C916F81529B053A800C18B95 /* Base */ = {isa = PBXFileReference; lastKnownFileType = file.storyboard; name = Base; path = Base.lproj/Main.storyboard; sourceTree = "<group>"; };
		C916F81729B053A900C18B95 /* Assets.xcassets */ = {isa = PBXFileReference; lastKnownFileType = folder.assetcatalog; path = Assets.xcassets; sourceTree = "<group>"; };
		C916F81A29B053A900C18B95 /* Base */ = {isa = PBXFileReference; lastKnownFileType = file.storyboard; name = Base; path = Base.lproj/LaunchScreen.storyboard; sourceTree = "<group>"; };
		C916F82029B053A900C18B95 /* ARKit BasicsTests.xctest */ = {isa = PBXFileReference; explicitFileType = wrapper.cfbundle; includeInIndex = 0; path = "ARKit BasicsTests.xctest"; sourceTree = BUILT_PRODUCTS_DIR; };
		C916F82429B053A900C18B95 /* ARKit_BasicsTests.swift */ = {isa = PBXFileReference; lastKnownFileType = sourcecode.swift; path = ARKit_BasicsTests.swift; sourceTree = "<group>"; };
		C916F82A29B053A900C18B95 /* ARKit BasicsUITests.xctest */ = {isa = PBXFileReference; explicitFileType = wrapper.cfbundle; includeInIndex = 0; path = "ARKit BasicsUITests.xctest"; sourceTree = BUILT_PRODUCTS_DIR; };
		C916F82E29B053A900C18B95 /* ARKit_BasicsUITests.swift */ = {isa = PBXFileReference; lastKnownFileType = sourcecode.swift; path = ARKit_BasicsUITests.swift; sourceTree = "<group>"; };
		C916F83029B053A900C18B95 /* ARKit_BasicsUITestsLaunchTests.swift */ = {isa = PBXFileReference; lastKnownFileType = sourcecode.swift; path = ARKit_BasicsUITestsLaunchTests.swift; sourceTree = "<group>"; };
/* End PBXFileReference section */

/* Begin PBXFrameworksBuildPhase section */
		C916F80829B053A800C18B95 /* Frameworks */ = {
			isa = PBXFrameworksBuildPhase;
			buildActionMask = 2147483647;
			files = (
			);
			runOnlyForDeploymentPostprocessing = 0;
		};
		C916F81D29B053A900C18B95 /* Frameworks */ = {
			isa = PBXFrameworksBuildPhase;
			buildActionMask = 2147483647;
			files = (
			);
			runOnlyForDeploymentPostprocessing = 0;
		};
		C916F82729B053A900C18B95 /* Frameworks */ = {
			isa = PBXFrameworksBuildPhase;
			buildActionMask = 2147483647;
			files = (
			);
			runOnlyForDeploymentPostprocessing = 0;
		};
/* End PBXFrameworksBuildPhase section */

/* Begin PBXGroup section */
		C916F80229B053A800C18B95 = {
			isa = PBXGroup;
			children = (
				C916F80D29B053A800C18B95 /* ARKit Basics */,
				C916F82329B053A900C18B95 /* ARKit BasicsTests */,
				C916F82D29B053A900C18B95 /* ARKit BasicsUITests */,
				C916F80C29B053A800C18B95 /* Products */,
			);
			sourceTree = "<group>";
		};
		C916F80C29B053A800C18B95 /* Products */ = {
			isa = PBXGroup;
			children = (
				C916F80B29B053A800C18B95 /* ARKit Basics.app */,
				C916F82029B053A900C18B95 /* ARKit BasicsTests.xctest */,
				C916F82A29B053A900C18B95 /* ARKit BasicsUITests.xctest */,
			);
			name = Products;
			sourceTree = "<group>";
		};
		C916F80D29B053A800C18B95 /* ARKit Basics */ = {
			isa = PBXGroup;
			children = (
				C916F80E29B053A800C18B95 /* AppDelegate.swift */,
				C916F81029B053A800C18B95 /* ViewController.swift */,
				C916F81229B053A800C18B95 /* Experience.rcproject */,
				C916F81429B053A800C18B95 /* Main.storyboard */,
				C916F81729B053A900C18B95 /* Assets.xcassets */,
				C916F81929B053A900C18B95 /* LaunchScreen.storyboard */,
			);
			path = "ARKit Basics";
			sourceTree = "<group>";
		};
		C916F82329B053A900C18B95 /* ARKit BasicsTests */ = {
			isa = PBXGroup;
			children = (
				C916F82429B053A900C18B95 /* ARKit_BasicsTests.swift */,
			);
			path = "ARKit BasicsTests";
			sourceTree = "<group>";
		};
		C916F82D29B053A900C18B95 /* ARKit BasicsUITests */ = {
			isa = PBXGroup;
			children = (
				C916F82E29B053A900C18B95 /* ARKit_BasicsUITests.swift */,
				C916F83029B053A900C18B95 /* ARKit_BasicsUITestsLaunchTests.swift */,
			);
			path = "ARKit BasicsUITests";
			sourceTree = "<group>";
		};
/* End PBXGroup section */

/* Begin PBXNativeTarget section */
		C916F80A29B053A800C18B95 /* ARKit Basics */ = {
			isa = PBXNativeTarget;
			buildConfigurationList = C916F83429B053A900C18B95 /* Build configuration list for PBXNativeTarget "ARKit Basics" */;
			buildPhases = (
				C916F80729B053A800C18B95 /* Sources */,
				C916F80829B053A800C18B95 /* Frameworks */,
				C916F80929B053A800C18B95 /* Resources */,
			);
			buildRules = (
			);
			dependencies = (
			);
			name = "ARKit Basics";
			productName = "ARKit Basics";
			productReference = C916F80B29B053A800C18B95 /* ARKit Basics.app */;
			productType = "com.apple.product-type.application";
		};
		C916F81F29B053A900C18B95 /* ARKit BasicsTests */ = {
			isa = PBXNativeTarget;
			buildConfigurationList = C916F83729B053A900C18B95 /* Build configuration list for PBXNativeTarget "ARKit BasicsTests" */;
			buildPhases = (
				C916F81C29B053A900C18B95 /* Sources */,
				C916F81D29B053A900C18B95 /* Frameworks */,
				C916F81E29B053A900C18B95 /* Resources */,
			);
			buildRules = (
			);
			dependencies = (
				C916F82229B053A900C18B95 /* PBXTargetDependency */,
			);
			name = "ARKit BasicsTests";
			productName = "ARKit BasicsTests";
			productReference = C916F82029B053A900C18B95 /* ARKit BasicsTests.xctest */;
			productType = "com.apple.product-type.bundle.unit-test";
		};
		C916F82929B053A900C18B95 /* ARKit BasicsUITests */ = {
			isa = PBXNativeTarget;
			buildConfigurationList = C916F83A29B053A900C18B95 /* Build configuration list for PBXNativeTarget "ARKit BasicsUITests" */;
			buildPhases = (
				C916F82629B053A900C18B95 /* Sources */,
				C916F82729B053A900C18B95 /* Frameworks */,
				C916F82829B053A900C18B95 /* Resources */,
			);
			buildRules = (
			);
			dependencies = (
				C916F82C29B053A900C18B95 /* PBXTargetDependency */,
			);
			name = "ARKit BasicsUITests";
			productName = "ARKit BasicsUITests";
			productReference = C916F82A29B053A900C18B95 /* ARKit BasicsUITests.xctest */;
			productType = "com.apple.product-type.bundle.ui-testing";
		};
/* End PBXNativeTarget section */

/* Begin PBXProject section */
		C916F80329B053A800C18B95 /* Project object */ = {
			isa = PBXProject;
			attributes = {
				BuildIndependentTargetsInParallel = 1;
				LastSwiftUpdateCheck = 1420;
				LastUpgradeCheck = 1420;
				TargetAttributes = {
					C916F80A29B053A800C18B95 = {
						CreatedOnToolsVersion = 14.2;
					};
					C916F81F29B053A900C18B95 = {
						CreatedOnToolsVersion = 14.2;
						TestTargetID = C916F80A29B053A800C18B95;
					};
					C916F82929B053A900C18B95 = {
						CreatedOnToolsVersion = 14.2;
						TestTargetID = C916F80A29B053A800C18B95;
					};
				};
			};
			buildConfigurationList = C916F80629B053A800C18B95 /* Build configuration list for PBXProject "ARKit Basics" */;
			compatibilityVersion = "Xcode 14.0";
			developmentRegion = en;
			hasScannedForEncodings = 0;
			knownRegions = (
				en,
				Base,
			);
			mainGroup = C916F80229B053A800C18B95;
			productRefGroup = C916F80C29B053A800C18B95 /* Products */;
			projectDirPath = "";
			projectRoot = "";
			targets = (
				C916F80A29B053A800C18B95 /* ARKit Basics */,
				C916F81F29B053A900C18B95 /* ARKit BasicsTests */,
				C916F82929B053A900C18B95 /* ARKit BasicsUITests */,
			);
		};
/* End PBXProject section */

/* Begin PBXResourcesBuildPhase section */
		C916F80929B053A800C18B95 /* Resources */ = {
			isa = PBXResourcesBuildPhase;
			buildActionMask = 2147483647;
			files = (
				C916F81B29B053A900C18B95 /* LaunchScreen.storyboard in Resources */,
				C916F81829B053A900C18B95 /* Assets.xcassets in Resources */,
				C916F81629B053A800C18B95 /* Main.storyboard in Resources */,
			);
			runOnlyForDeploymentPostprocessing = 0;
		};
		C916F81E29B053A900C18B95 /* Resources */ = {
			isa = PBXResourcesBuildPhase;
			buildActionMask = 2147483647;
			files = (
			);
			runOnlyForDeploymentPostprocessing = 0;
		};
		C916F82829B053A900C18B95 /* Resources */ = {
			isa = PBXResourcesBuildPhase;
			buildActionMask = 2147483647;
			files = (
			);
			runOnlyForDeploymentPostprocessing = 0;
		};
/* End PBXResourcesBuildPhase section */

/* Begin PBXSourcesBuildPhase section */
		C916F80729B053A800C18B95 /* Sources */ = {
			isa = PBXSourcesBuildPhase;
			buildActionMask = 2147483647;
			files = (
				C916F81129B053A800C18B95 /* ViewController.swift in Sources */,
				C916F80F29B053A800C18B95 /* AppDelegate.swift in Sources */,
				C916F81329B053A800C18B95 /* Experience.rcproject in Sources */,
			);
			runOnlyForDeploymentPostprocessing = 0;
		};
		C916F81C29B053A900C18B95 /* Sources */ = {
			isa = PBXSourcesBuildPhase;
			buildActionMask = 2147483647;
			files = (
				C916F82529B053A900C18B95 /* ARKit_BasicsTests.swift in Sources */,
			);
			runOnlyForDeploymentPostprocessing = 0;
		};
		C916F82629B053A900C18B95 /* Sources */ = {
			isa = PBXSourcesBuildPhase;
			buildActionMask = 2147483647;
			files = (
				C916F82F29B053A900C18B95 /* ARKit_BasicsUITests.swift in Sources */,
				C916F83129B053A900C18B95 /* ARKit_BasicsUITestsLaunchTests.swift in Sources */,
			);
			runOnlyForDeploymentPostprocessing = 0;
		};
/* End PBXSourcesBuildPhase section */

/* Begin PBXTargetDependency section */
		C916F82229B053A900C18B95 /* PBXTargetDependency */ = {
			isa = PBXTargetDependency;
			target = C916F80A29B053A800C18B95 /* ARKit Basics */;
			targetProxy = C916F82129B053A900C18B95 /* PBXContainerItemProxy */;
		};
		C916F82C29B053A900C18B95 /* PBXTargetDependency */ = {
			isa = PBXTargetDependency;
			target = C916F80A29B053A800C18B95 /* ARKit Basics */;
			targetProxy = C916F82B29B053A900C18B95 /* PBXContainerItemProxy */;
		};
/* End PBXTargetDependency section */

/* Begin PBXVariantGroup section */
		C916F81429B053A800C18B95 /* Main.storyboard */ = {
			isa = PBXVariantGroup;
			children = (
				C916F81529B053A800C18B95 /* Base */,
			);
			name = Main.storyboard;
			sourceTree = "<group>";
		};
		C916F81929B053A900C18B95 /* LaunchScreen.storyboard */ = {
			isa = PBXVariantGroup;
			children = (
				C916F81A29B053A900C18B95 /* Base */,
			);
			name = LaunchScreen.storyboard;
			sourceTree = "<group>";
		};
/* End PBXVariantGroup section */

/* Begin XCBuildConfiguration section */
		C916F83229B053A900C18B95 /* Debug */ = {
			isa = XCBuildConfiguration;
			buildSettings = {
				ALWAYS_SEARCH_USER_PATHS = NO;
				CLANG_ANALYZER_NONNULL = YES;
				CLANG_ANALYZER_NUMBER_OBJECT_CONVERSION = YES_AGGRESSIVE;
				CLANG_CXX_LANGUAGE_STANDARD = "gnu++20";
				CLANG_ENABLE_MODULES = YES;
				CLANG_ENABLE_OBJC_ARC = YES;
				CLANG_ENABLE_OBJC_WEAK = YES;
				CLANG_WARN_BLOCK_CAPTURE_AUTORELEASING = YES;
				CLANG_WARN_BOOL_CONVERSION = YES;
				CLANG_WARN_COMMA = YES;
				CLANG_WARN_CONSTANT_CONVERSION = YES;
				CLANG_WARN_DEPRECATED_OBJC_IMPLEMENTATIONS = YES;
				CLANG_WARN_DIRECT_OBJC_ISA_USAGE = YES_ERROR;
				CLANG_WARN_DOCUMENTATION_COMMENTS = YES;
				CLANG_WARN_EMPTY_BODY = YES;
				CLANG_WARN_ENUM_CONVERSION = YES;
				CLANG_WARN_INFINITE_RECURSION = YES;
				CLANG_WARN_INT_CONVERSION = YES;
				CLANG_WARN_NON_LITERAL_NULL_CONVERSION = YES;
				CLANG_WARN_OBJC_IMPLICIT_RETAIN_SELF = YES;
				CLANG_WARN_OBJC_LITERAL_CONVERSION = YES;
				CLANG_WARN_OBJC_ROOT_CLASS = YES_ERROR;
				CLANG_WARN_QUOTED_INCLUDE_IN_FRAMEWORK_HEADER = YES;
				CLANG_WARN_RANGE_LOOP_ANALYSIS = YES;
				CLANG_WARN_STRICT_PROTOTYPES = YES;
				CLANG_WARN_SUSPICIOUS_MOVE = YES;
				CLANG_WARN_UNGUARDED_AVAILABILITY = YES_AGGRESSIVE;
				CLANG_WARN_UNREACHABLE_CODE = YES;
				CLANG_WARN__DUPLICATE_METHOD_MATCH = YES;
				COPY_PHASE_STRIP = NO;
				DEBUG_INFORMATION_FORMAT = dwarf;
				ENABLE_STRICT_OBJC_MSGSEND = YES;
				ENABLE_TESTABILITY = YES;
				GCC_C_LANGUAGE_STANDARD = gnu11;
				GCC_DYNAMIC_NO_PIC = NO;
				GCC_NO_COMMON_BLOCKS = YES;
				GCC_OPTIMIZATION_LEVEL = 0;
				GCC_PREPROCESSOR_DEFINITIONS = (
					"DEBUG=1",
					"$(inherited)",
				);
				GCC_WARN_64_TO_32_BIT_CONVERSION = YES;
				GCC_WARN_ABOUT_RETURN_TYPE = YES_ERROR;
				GCC_WARN_UNDECLARED_SELECTOR = YES;
				GCC_WARN_UNINITIALIZED_AUTOS = YES_AGGRESSIVE;
				GCC_WARN_UNUSED_FUNCTION = YES;
				GCC_WARN_UNUSED_VARIABLE = YES;
				IPHONEOS_DEPLOYMENT_TARGET = 16.2;
				MTL_ENABLE_DEBUG_INFO = INCLUDE_SOURCE;
				MTL_FAST_MATH = YES;
				ONLY_ACTIVE_ARCH = YES;
				SDKROOT = iphoneos;
				SWIFT_ACTIVE_COMPILATION_CONDITIONS = DEBUG;
				SWIFT_OPTIMIZATION_LEVEL = "-Onone";
			};
			name = Debug;
		};
		C916F83329B053A900C18B95 /* Release */ = {
			isa = XCBuildConfiguration;
			buildSettings = {
				ALWAYS_SEARCH_USER_PATHS = NO;
				CLANG_ANALYZER_NONNULL = YES;
				CLANG_ANALYZER_NUMBER_OBJECT_CONVERSION = YES_AGGRESSIVE;
				CLANG_CXX_LANGUAGE_STANDARD = "gnu++20";
				CLANG_ENABLE_MODULES = YES;
				CLANG_ENABLE_OBJC_ARC = YES;
				CLANG_ENABLE_OBJC_WEAK = YES;
				CLANG_WARN_BLOCK_CAPTURE_AUTORELEASING = YES;
				CLANG_WARN_BOOL_CONVERSION = YES;
				CLANG_WARN_COMMA = YES;
				CLANG_WARN_CONSTANT_CONVERSION = YES;
				CLANG_WARN_DEPRECATED_OBJC_IMPLEMENTATIONS = YES;
				CLANG_WARN_DIRECT_OBJC_ISA_USAGE = YES_ERROR;
				CLANG_WARN_DOCUMENTATION_COMMENTS = YES;
				CLANG_WARN_EMPTY_BODY = YES;
				CLANG_WARN_ENUM_CONVERSION = YES;
				CLANG_WARN_INFINITE_RECURSION = YES;
				CLANG_WARN_INT_CONVERSION = YES;
				CLANG_WARN_NON_LITERAL_NULL_CONVERSION = YES;
				CLANG_WARN_OBJC_IMPLICIT_RETAIN_SELF = YES;
				CLANG_WARN_OBJC_LITERAL_CONVERSION = YES;
				CLANG_WARN_OBJC_ROOT_CLASS = YES_ERROR;
				CLANG_WARN_QUOTED_INCLUDE_IN_FRAMEWORK_HEADER = YES;
				CLANG_WARN_RANGE_LOOP_ANALYSIS = YES;
				CLANG_WARN_STRICT_PROTOTYPES = YES;
				CLANG_WARN_SUSPICIOUS_MOVE = YES;
				CLANG_WARN_UNGUARDED_AVAILABILITY = YES_AGGRESSIVE;
				CLANG_WARN_UNREACHABLE_CODE = YES;
				CLANG_WARN__DUPLICATE_METHOD_MATCH = YES;
				COPY_PHASE_STRIP = NO;
				DEBUG_INFORMATION_FORMAT = "dwarf-with-dsym";
				ENABLE_NS_ASSERTIONS = NO;
				ENABLE_STRICT_OBJC_MSGSEND = YES;
				GCC_C_LANGUAGE_STANDARD = gnu11;
				GCC_NO_COMMON_BLOCKS = YES;
				GCC_WARN_64_TO_32_BIT_CONVERSION = YES;
				GCC_WARN_ABOUT_RETURN_TYPE = YES_ERROR;
				GCC_WARN_UNDECLARED_SELECTOR = YES;
				GCC_WARN_UNINITIALIZED_AUTOS = YES_AGGRESSIVE;
				GCC_WARN_UNUSED_FUNCTION = YES;
				GCC_WARN_UNUSED_VARIABLE = YES;
				IPHONEOS_DEPLOYMENT_TARGET = 16.2;
				MTL_ENABLE_DEBUG_INFO = NO;
				MTL_FAST_MATH = YES;
				SDKROOT = iphoneos;
				SWIFT_COMPILATION_MODE = wholemodule;
				SWIFT_OPTIMIZATION_LEVEL = "-O";
				VALIDATE_PRODUCT = YES;
			};
			name = Release;
		};
		C916F83529B053A900C18B95 /* Debug */ = {
			isa = XCBuildConfiguration;
			buildSettings = {
				ASSETCATALOG_COMPILER_APPICON_NAME = AppIcon;
				ASSETCATALOG_COMPILER_GLOBAL_ACCENT_COLOR_NAME = AccentColor;
				CODE_SIGN_STYLE = Automatic;
				CURRENT_PROJECT_VERSION = 1;
				GENERATE_INFOPLIST_FILE = YES;
				INFOPLIST_KEY_NSCameraUsageDescription = "";
				INFOPLIST_KEY_UIApplicationSupportsIndirectInputEvents = YES;
				INFOPLIST_KEY_UILaunchStoryboardName = LaunchScreen;
				INFOPLIST_KEY_UIMainStoryboardFile = Main;
				INFOPLIST_KEY_UIRequiredDeviceCapabilities = arkit;
				INFOPLIST_KEY_UIStatusBarHidden = YES;
				INFOPLIST_KEY_UISupportedInterfaceOrientations_iPad = "UIInterfaceOrientationPortrait UIInterfaceOrientationPortraitUpsideDown UIInterfaceOrientationLandscapeLeft UIInterfaceOrientationLandscapeRight";
				INFOPLIST_KEY_UISupportedInterfaceOrientations_iPhone = "UIInterfaceOrientationPortrait UIInterfaceOrientationLandscapeLeft UIInterfaceOrientationLandscapeRight";
				LD_RUNPATH_SEARCH_PATHS = (
					"$(inherited)",
					"@executable_path/Frameworks",
				);
				MARKETING_VERSION = 1.0;
				PRODUCT_BUNDLE_IDENTIFIER = "com.supernova.ARKit-Basics";
				PRODUCT_NAME = "$(TARGET_NAME)";
				SWIFT_EMIT_LOC_STRINGS = YES;
				SWIFT_VERSION = 5.0;
				TARGETED_DEVICE_FAMILY = "1,2";
			};
			name = Debug;
		};
		C916F83629B053A900C18B95 /* Release */ = {
			isa = XCBuildConfiguration;
			buildSettings = {
				ASSETCATALOG_COMPILER_APPICON_NAME = AppIcon;
				ASSETCATALOG_COMPILER_GLOBAL_ACCENT_COLOR_NAME = AccentColor;
				CODE_SIGN_STYLE = Automatic;
				CURRENT_PROJECT_VERSION = 1;
				GENERATE_INFOPLIST_FILE = YES;
				INFOPLIST_KEY_NSCameraUsageDescription = "";
				INFOPLIST_KEY_UIApplicationSupportsIndirectInputEvents = YES;
				INFOPLIST_KEY_UILaunchStoryboardName = LaunchScreen;
				INFOPLIST_KEY_UIMainStoryboardFile = Main;
				INFOPLIST_KEY_UIRequiredDeviceCapabilities = arkit;
				INFOPLIST_KEY_UIStatusBarHidden = YES;
				INFOPLIST_KEY_UISupportedInterfaceOrientations_iPad = "UIInterfaceOrientationPortrait UIInterfaceOrientationPortraitUpsideDown UIInterfaceOrientationLandscapeLeft UIInterfaceOrientationLandscapeRight";
				INFOPLIST_KEY_UISupportedInterfaceOrientations_iPhone = "UIInterfaceOrientationPortrait UIInterfaceOrientationLandscapeLeft UIInterfaceOrientationLandscapeRight";
				LD_RUNPATH_SEARCH_PATHS = (
					"$(inherited)",
					"@executable_path/Frameworks",
				);
				MARKETING_VERSION = 1.0;
				PRODUCT_BUNDLE_IDENTIFIER = "com.supernova.ARKit-Basics";
				PRODUCT_NAME = "$(TARGET_NAME)";
				SWIFT_EMIT_LOC_STRINGS = YES;
				SWIFT_VERSION = 5.0;
				TARGETED_DEVICE_FAMILY = "1,2";
			};
			name = Release;
		};
		C916F83829B053A900C18B95 /* Debug */ = {
			isa = XCBuildConfiguration;
			buildSettings = {
				ALWAYS_EMBED_SWIFT_STANDARD_LIBRARIES = YES;
				BUNDLE_LOADER = "$(TEST_HOST)";
				CODE_SIGN_STYLE = Automatic;
				CURRENT_PROJECT_VERSION = 1;
				GENERATE_INFOPLIST_FILE = YES;
				IPHONEOS_DEPLOYMENT_TARGET = 16.2;
				MARKETING_VERSION = 1.0;
				PRODUCT_BUNDLE_IDENTIFIER = "com.supernova.ARKit-BasicsTests";
				PRODUCT_NAME = "$(TARGET_NAME)";
				SWIFT_EMIT_LOC_STRINGS = NO;
				SWIFT_VERSION = 5.0;
				TARGETED_DEVICE_FAMILY = "1,2";
				TEST_HOST = "$(BUILT_PRODUCTS_DIR)/ARKit Basics.app/$(BUNDLE_EXECUTABLE_FOLDER_PATH)/ARKit Basics";
			};
			name = Debug;
		};
		C916F83929B053A900C18B95 /* Release */ = {
			isa = XCBuildConfiguration;
			buildSettings = {
				ALWAYS_EMBED_SWIFT_STANDARD_LIBRARIES = YES;
				BUNDLE_LOADER = "$(TEST_HOST)";
				CODE_SIGN_STYLE = Automatic;
				CURRENT_PROJECT_VERSION = 1;
				GENERATE_INFOPLIST_FILE = YES;
				IPHONEOS_DEPLOYMENT_TARGET = 16.2;
				MARKETING_VERSION = 1.0;
				PRODUCT_BUNDLE_IDENTIFIER = "com.supernova.ARKit-BasicsTests";
				PRODUCT_NAME = "$(TARGET_NAME)";
				SWIFT_EMIT_LOC_STRINGS = NO;
				SWIFT_VERSION = 5.0;
				TARGETED_DEVICE_FAMILY = "1,2";
				TEST_HOST = "$(BUILT_PRODUCTS_DIR)/ARKit Basics.app/$(BUNDLE_EXECUTABLE_FOLDER_PATH)/ARKit Basics";
			};
			name = Release;
		};
		C916F83B29B053A900C18B95 /* Debug */ = {
			isa = XCBuildConfiguration;
			buildSettings = {
				ALWAYS_EMBED_SWIFT_STANDARD_LIBRARIES = YES;
				CODE_SIGN_STYLE = Automatic;
				CURRENT_PROJECT_VERSION = 1;
				GENERATE_INFOPLIST_FILE = YES;
				MARKETING_VERSION = 1.0;
				PRODUCT_BUNDLE_IDENTIFIER = "com.supernova.ARKit-BasicsUITests";
				PRODUCT_NAME = "$(TARGET_NAME)";
				SWIFT_EMIT_LOC_STRINGS = NO;
				SWIFT_VERSION = 5.0;
				TARGETED_DEVICE_FAMILY = "1,2";
				TEST_TARGET_NAME = "ARKit Basics";
			};
			name = Debug;
		};
		C916F83C29B053A900C18B95 /* Release */ = {
			isa = XCBuildConfiguration;
			buildSettings = {
				ALWAYS_EMBED_SWIFT_STANDARD_LIBRARIES = YES;
				CODE_SIGN_STYLE = Automatic;
				CURRENT_PROJECT_VERSION = 1;
				GENERATE_INFOPLIST_FILE = YES;
				MARKETING_VERSION = 1.0;
				PRODUCT_BUNDLE_IDENTIFIER = "com.supernova.ARKit-BasicsUITests";
				PRODUCT_NAME = "$(TARGET_NAME)";
				SWIFT_EMIT_LOC_STRINGS = NO;
				SWIFT_VERSION = 5.0;
				TARGETED_DEVICE_FAMILY = "1,2";
				TEST_TARGET_NAME = "ARKit Basics";
			};
			name = Release;
		};
/* End XCBuildConfiguration section */

/* Begin XCConfigurationList section */
		C916F80629B053A800C18B95 /* Build configuration list for PBXProject "ARKit Basics" */ = {
			isa = XCConfigurationList;
			buildConfigurations = (
				C916F83229B053A900C18B95 /* Debug */,
				C916F83329B053A900C18B95 /* Release */,
			);
			defaultConfigurationIsVisible = 0;
			defaultConfigurationName = Release;
		};
		C916F83429B053A900C18B95 /* Build configuration list for PBXNativeTarget "ARKit Basics" */ = {
			isa = XCConfigurationList;
			buildConfigurations = (
				C916F83529B053A900C18B95 /* Debug */,
				C916F83629B053A900C18B95 /* Release */,
			);
			defaultConfigurationIsVisible = 0;
			defaultConfigurationName = Release;
		};
		C916F83729B053A900C18B95 /* Build configuration list for PBXNativeTarget "ARKit BasicsTests" */ = {
			isa = XCConfigurationList;
			buildConfigurations = (
				C916F83829B053A900C18B95 /* Debug */,
				C916F83929B053A900C18B95 /* Release */,
			);
			defaultConfigurationIsVisible = 0;
			defaultConfigurationName = Release;
		};
		C916F83A29B053A900C18B95 /* Build configuration list for PBXNativeTarget "ARKit BasicsUITests" */ = {
			isa = XCConfigurationList;
			buildConfigurations = (
				C916F83B29B053A900C18B95 /* Debug */,
				C916F83C29B053A900C18B95 /* Release */,
			);
			defaultConfigurationIsVisible = 0;
			defaultConfigurationName = Release;
		};
/* End XCConfigurationList section */
	};
	rootObject = C916F80329B053A800C18B95 /* Project object */;
}
